
Microsoft Visual Studio Solution File, Format Version 12.00
# Visual Studio 15
VisualStudioVersion = 15.0.28307.779
MinimumVisualStudioVersion = 10.0.40219.1
Project("{FAE04EC0-301F-11D3-BF4B-00C04F79EFBC}") = "wordCount", "wordCount\wordCount.csproj", "{05398E1B-4F12-4497-AD62-C191BC50CEF6}"
EndProject
Project("{FAE04EC0-301F-11D3-BF4B-00C04F79EFBC}") = "WordCountTestAlpha", "WordCountTestAlpha\WordCountTestAlpha.csproj", "{9AC5BE21-AC21-4EE6-A94F-7C160781594D}"
EndProject
Global
	GlobalSection(SolutionConfigurationPlatforms) = preSolution
		Debug|Any CPU = Debug|Any CPU
		Release|Any CPU = Release|Any CPU
	EndGlobalSection
	GlobalSection(ProjectConfigurationPlatforms) = postSolution
		{05398E1B-4F12-4497-AD62-C191BC50CEF6}.Debug|Any CPU.ActiveCfg = Debug|Any CPU
		{05398E1B-4F12-4497-AD62-C191BC50CEF6}.Debug|Any CPU.Build.0 = Debug|Any CPU
		{05398E1B-4F12-4497-AD62-C191BC50CEF6}.Release|Any CPU.ActiveCfg = Release|Any CPU
		{05398E1B-4F12-4497-AD62-C191BC50CEF6}.Release|Any CPU.Build.0 = Release|Any CPU
		{9AC5BE21-AC21-4EE6-A94F-7C160781594D}.Debug|Any CPU.ActiveCfg = Debug|Any CPU
		{9AC5BE21-AC21-4EE6-A94F-7C160781594D}.Debug|Any CPU.Build.0 = Debug|Any CPU
		{9AC5BE21-AC21-4EE6-A94F-7C160781594D}.Release|Any CPU.ActiveCfg = Release|Any CPU
		{9AC5BE21-AC21-4EE6-A94F-7C160781594D}.Release|Any CPU.Build.0 = Release|Any CPU
	EndGlobalSection
	GlobalSection(SolutionProperties) = preSolution
		HideSolutionNode = FALSE
	EndGlobalSection
	GlobalSection(ExtensibilityGlobals) = postSolution
		SolutionGuid = {9A7A2C06-5E1F-4373-BFBC-040D9566FD9B}
	EndGlobalSection
EndGlobal
